
Microsoft Visual Studio Solution File, Format Version 12.00
# Visual Studio Version 17
VisualStudioVersion = 17.5.002.0
MinimumVisualStudioVersion = 10.0.40219.1
Project("{9A19103F-16F7-4668-BE54-9A1E7A4F7556}") = "YarpSample", "YarpSample.csproj", "{9B215322-7AA2-4DD8-813B-664AB2AA201E}"
EndProject
Global
	GlobalSection(SolutionConfigurationPlatforms) = preSolution
		Debug|Any CPU = Debug|Any CPU
		Release|Any CPU = Release|Any CPU
	EndGlobalSection
	GlobalSection(ProjectConfigurationPlatforms) = postSolution
		{9B215322-7AA2-4DD8-813B-664AB2AA201E}.Debug|Any CPU.ActiveCfg = Debug|Any CPU
		{9B215322-7AA2-4DD8-813B-664AB2AA201E}.Debug|Any CPU.Build.0 = Debug|Any CPU
		{9B215322-7AA2-4DD8-813B-664AB2AA201E}.Release|Any CPU.ActiveCfg = Release|Any CPU
		{9B215322-7AA2-4DD8-813B-664AB2AA201E}.Release|Any CPU.Build.0 = Release|Any CPU
	EndGlobalSection
	GlobalSection(SolutionProperties) = preSolution
		HideSolutionNode = FALSE
	EndGlobalSection
	GlobalSection(ExtensibilityGlobals) = postSolution
		SolutionGuid = {08890C8F-8D19-42FA-9075-940ABB63D1FC}
	EndGlobalSection
EndGlobal
