
Microsoft Visual Studio Solution File, Format Version 12.00
# Visual Studio Version 17
VisualStudioVersion = 17.5.002.0
MinimumVisualStudioVersion = 10.0.40219.1
Project("{9A19103F-16F7-4668-BE54-9A1E7A4F7556}") = "NHibernateSample", "NHibernateSample.csproj", "{0DBF5387-617A-4390-9656-3624662C12FB}"
EndProject
Global
	GlobalSection(SolutionConfigurationPlatforms) = preSolution
		Debug|Any CPU = Debug|Any CPU
		Release|Any CPU = Release|Any CPU
	EndGlobalSection
	GlobalSection(ProjectConfigurationPlatforms) = postSolution
		{0DBF5387-617A-4390-9656-3624662C12FB}.Debug|Any CPU.ActiveCfg = Debug|Any CPU
		{0DBF5387-617A-4390-9656-3624662C12FB}.Debug|Any CPU.Build.0 = Debug|Any CPU
		{0DBF5387-617A-4390-9656-3624662C12FB}.Release|Any CPU.ActiveCfg = Release|Any CPU
		{0DBF5387-617A-4390-9656-3624662C12FB}.Release|Any CPU.Build.0 = Release|Any CPU
		{34CF2C5C-E8C8-4E37-BA8F-8FE8387C1886}.Debug|Any CPU.ActiveCfg = Debug|Any CPU
		{34CF2C5C-E8C8-4E37-BA8F-8FE8387C1886}.Debug|Any CPU.Build.0 = Debug|Any CPU
		{34CF2C5C-E8C8-4E37-BA8F-8FE8387C1886}.Release|Any CPU.ActiveCfg = Release|Any CPU
		{34CF2C5C-E8C8-4E37-BA8F-8FE8387C1886}.Release|Any CPU.Build.0 = Rel ease|Any CPU
	EndGlobalSection
	GlobalSection(SolutionProperties) = preSolution
		HideSolutionNode = FALSE
	EndGlobalSection
	GlobalSection(ExtensibilityGlobals) = postSolution
		SolutionGuid = {D6F3A6A9-210C-4C64-87B7-0092B4CB402A}
	EndGlobalSection
EndGlobal
